{
    "requires": true,
    "lockfileVersion": 1,
    "dependencies": {
        "jpeg-js": {
            "version": "0.4.4",
            "resolved": "https://registry.npmjs.org/jpeg-js/-/jpeg-js-0.4.4.tgz",
            "integrity": "sha512-WZzeDOEtTOBK4Mdsar0IqEU5sMr3vSV2RqkAIzUEV2BHnUfKGyswWFPFwK5EeDo93K3FohSHbLAjj0s1Wzd+dg=="
        },
        "wabt": {
            "version": "1.0.29",
            "resolved": "https://registry.npmjs.org/wabt/-/wabt-1.0.29.tgz",
            "integrity": "sha512-taUwem3bYn5ZrDYSNqJ2lIAXA3t0Xon7rLjRa8PZ21h8vp0IP5SKyozcWFhv8PPC07KJkGWpDuSCnzSdJ01YsA=="
        }
    }
}
